
Microsoft Visual Studio Solution File, Format Version 12.00
# Visual Studio Version 18
VisualStudioVersion = 18.6.11709.129 insiders
MinimumVisualStudioVersion = 10.0.40219.1
Project("{FAE04EC0-301F-11D3-BF4B-00C04F79EFBC}") = "Agent-Test", "Agent-Test.csproj", "{A368219B-C24C-05C6-C1CE-94114575322F}"
EndProject
Global
	GlobalSection(SolutionConfigurationPlatforms) = preSolution
		Debug|Any CPU = Debug|Any CPU
		Release|Any CPU = Release|Any CPU
	EndGlobalSection
	GlobalSection(ProjectConfigurationPlatforms) = postSolution
		{A368219B-C24C-05C6-C1CE-94114575322F}.Debug|Any CPU.ActiveCfg = Debug|Any CPU
		{A368219B-C24C-05C6-C1CE-94114575322F}.Debug|Any CPU.Build.0 = Debug|Any CPU
		{A368219B-C24C-05C6-C1CE-94114575322F}.Release|Any CPU.ActiveCfg = Release|Any CPU
		{A368219B-C24C-05C6-C1CE-94114575322F}.Release|Any CPU.Build.0 = Release|Any CPU
	EndGlobalSection
	GlobalSection(SolutionProperties) = preSolution
		HideSolutionNode = FALSE
	EndGlobalSection
	GlobalSection(ExtensibilityGlobals) = postSolution
		SolutionGuid = {49217F09-4DE4-4C9F-BFE0-00C8A19F45AE}
	EndGlobalSection
EndGlobal
