
Microsoft Visual Studio Solution File, Format Version 12.00
# Visual Studio Version 18
VisualStudioVersion = 18.6.11709.129 insiders
MinimumVisualStudioVersion = 10.0.40219.1
Project("{FAE04EC0-301F-11D3-BF4B-00C04F79EFBC}") = "Agent-Framework-Structure-Output", "Agent-Framework-Structure-Output.csproj", "{E9AEEDC1-91A9-DB71-93FC-AF1FBCF3875E}"
EndProject
Global
	GlobalSection(SolutionConfigurationPlatforms) = preSolution
		Debug|Any CPU = Debug|Any CPU
		Release|Any CPU = Release|Any CPU
	EndGlobalSection
	GlobalSection(ProjectConfigurationPlatforms) = postSolution
		{E9AEEDC1-91A9-DB71-93FC-AF1FBCF3875E}.Debug|Any CPU.ActiveCfg = Debug|Any CPU
		{E9AEEDC1-91A9-DB71-93FC-AF1FBCF3875E}.Debug|Any CPU.Build.0 = Debug|Any CPU
		{E9AEEDC1-91A9-DB71-93FC-AF1FBCF3875E}.Release|Any CPU.ActiveCfg = Release|Any CPU
		{E9AEEDC1-91A9-DB71-93FC-AF1FBCF3875E}.Release|Any CPU.Build.0 = Release|Any CPU
	EndGlobalSection
	GlobalSection(SolutionProperties) = preSolution
		HideSolutionNode = FALSE
	EndGlobalSection
	GlobalSection(ExtensibilityGlobals) = postSolution
		SolutionGuid = {BBC99904-5031-4BDC-9024-6202221E544D}
	EndGlobalSection
EndGlobal
