
Microsoft Visual Studio Solution File, Format Version 12.00
# Visual Studio Version 18
VisualStudioVersion = 18.6.11709.129 insiders
MinimumVisualStudioVersion = 10.0.40219.1
Project("{FAE04EC0-301F-11D3-BF4B-00C04F79EFBC}") = "AgentMemoryDemo", "AgentMemoryDemo.csproj", "{44606D68-FB45-2F91-B675-C32D2E7C3711}"
EndProject
Global
	GlobalSection(SolutionConfigurationPlatforms) = preSolution
		Debug|Any CPU = Debug|Any CPU
		Release|Any CPU = Release|Any CPU
	EndGlobalSection
	GlobalSection(ProjectConfigurationPlatforms) = postSolution
		{44606D68-FB45-2F91-B675-C32D2E7C3711}.Debug|Any CPU.ActiveCfg = Debug|Any CPU
		{44606D68-FB45-2F91-B675-C32D2E7C3711}.Debug|Any CPU.Build.0 = Debug|Any CPU
		{44606D68-FB45-2F91-B675-C32D2E7C3711}.Release|Any CPU.ActiveCfg = Release|Any CPU
		{44606D68-FB45-2F91-B675-C32D2E7C3711}.Release|Any CPU.Build.0 = Release|Any CPU
	EndGlobalSection
	GlobalSection(SolutionProperties) = preSolution
		HideSolutionNode = FALSE
	EndGlobalSection
	GlobalSection(ExtensibilityGlobals) = postSolution
		SolutionGuid = {89D57910-0DE1-472E-B96E-7452A5031C22}
	EndGlobalSection
EndGlobal
