
Microsoft Visual Studio Solution File, Format Version 12.00
# Visual Studio Version 18
VisualStudioVersion = 18.6.11709.129 insiders
MinimumVisualStudioVersion = 10.0.40219.1
Project("{FAE04EC0-301F-11D3-BF4B-00C04F79EFBC}") = "SessionMemorySample", "SessionMemorySample.csproj", "{4228206D-05A7-654D-EB65-5A4F8B39532C}"
EndProject
Global
	GlobalSection(SolutionConfigurationPlatforms) = preSolution
		Debug|Any CPU = Debug|Any CPU
		Release|Any CPU = Release|Any CPU
	EndGlobalSection
	GlobalSection(ProjectConfigurationPlatforms) = postSolution
		{4228206D-05A7-654D-EB65-5A4F8B39532C}.Debug|Any CPU.ActiveCfg = Debug|Any CPU
		{4228206D-05A7-654D-EB65-5A4F8B39532C}.Debug|Any CPU.Build.0 = Debug|Any CPU
		{4228206D-05A7-654D-EB65-5A4F8B39532C}.Release|Any CPU.ActiveCfg = Release|Any CPU
		{4228206D-05A7-654D-EB65-5A4F8B39532C}.Release|Any CPU.Build.0 = Release|Any CPU
	EndGlobalSection
	GlobalSection(SolutionProperties) = preSolution
		HideSolutionNode = FALSE
	EndGlobalSection
	GlobalSection(ExtensibilityGlobals) = postSolution
		SolutionGuid = {9B04BA24-EF54-42EB-AB23-052B9A6990E0}
	EndGlobalSection
EndGlobal
