
Microsoft Visual Studio Solution File, Format Version 12.00
# Visual Studio Version 18
VisualStudioVersion = 18.6.11709.129 insiders
MinimumVisualStudioVersion = 10.0.40219.1
Project("{FAE04EC0-301F-11D3-BF4B-00C04F79EFBC}") = "AgentSkillsDemo", "AgentSkillsDemo.csproj", "{35241CCE-8EA5-29AA-2702-811CDD0179CA}"
EndProject
Global
	GlobalSection(SolutionConfigurationPlatforms) = preSolution
		Debug|Any CPU = Debug|Any CPU
		Release|Any CPU = Release|Any CPU
	EndGlobalSection
	GlobalSection(ProjectConfigurationPlatforms) = postSolution
		{35241CCE-8EA5-29AA-2702-811CDD0179CA}.Debug|Any CPU.ActiveCfg = Debug|Any CPU
		{35241CCE-8EA5-29AA-2702-811CDD0179CA}.Debug|Any CPU.Build.0 = Debug|Any CPU
		{35241CCE-8EA5-29AA-2702-811CDD0179CA}.Release|Any CPU.ActiveCfg = Release|Any CPU
		{35241CCE-8EA5-29AA-2702-811CDD0179CA}.Release|Any CPU.Build.0 = Release|Any CPU
	EndGlobalSection
	GlobalSection(SolutionProperties) = preSolution
		HideSolutionNode = FALSE
	EndGlobalSection
	GlobalSection(ExtensibilityGlobals) = postSolution
		SolutionGuid = {567F7D1A-7B21-48AA-8303-4ED5B75F4CB6}
	EndGlobalSection
EndGlobal
